
Microsoft Visual Studio Solution File, Format Version 12.00
# Visual Studio 15
VisualStudioVersion = 15.0.28010.2036
MinimumVisualStudioVersion = 10.0.40219.1
Project("{FAE04EC0-301F-11D3-BF4B-00C04F79EFBC}") = "ClassLibrary1", "ClassLibrary1\ClassLibrary1.csproj", "{134F707F-78E1-4CAC-A095-8E9857722ADA}"
EndProject
Global
	GlobalSection(SolutionConfigurationPlatforms) = preSolution
		Debug|Any CPU = Debug|Any CPU
		Release|Any CPU = Release|Any CPU
	EndGlobalSection
	GlobalSection(ProjectConfigurationPlatforms) = postSolution
		{134F707F-78E1-4CAC-A095-8E9857722ADA}.Debug|Any CPU.ActiveCfg = Debug|Any CPU
		{134F707F-78E1-4CAC-A095-8E9857722ADA}.Debug|Any CPU.Build.0 = Debug|Any CPU
		{134F707F-78E1-4CAC-A095-8E9857722ADA}.Release|Any CPU.ActiveCfg = Release|Any CPU
		{134F707F-78E1-4CAC-A095-8E9857722ADA}.Release|Any CPU.Build.0 = Release|Any CPU
	EndGlobalSection
	GlobalSection(SolutionProperties) = preSolution
		HideSolutionNode = FALSE
	EndGlobalSection
	GlobalSection(ExtensibilityGlobals) = postSolution
		SolutionGuid = {A4D1CD3D-0D0D-4D37-A1C4-D3BC52259DEE}
	EndGlobalSection
EndGlobal
